
Microsoft Visual Studio Solution File, Format Version 12.00
# Visual Studio Version 16
VisualStudioVersion = 16.0.30621.155
MinimumVisualStudioVersion = 10.0.40219.1
Project("{FAE04EC0-301F-11D3-BF4B-00C04F79EFBC}") = "CSharp_005_IDaoBase", "CSharp_005_IDaoBase.csproj", "{A3586177-B799-48CA-9A4D-14F6AEDBD38C}"
EndProject
Global
	GlobalSection(SolutionConfigurationPlatforms) = preSolution
		Debug|Any CPU = Debug|Any CPU
		Release|Any CPU = Release|Any CPU
	EndGlobalSection
	GlobalSection(ProjectConfigurationPlatforms) = postSolution
		{A3586177-B799-48CA-9A4D-14F6AEDBD38C}.Debug|Any CPU.ActiveCfg = Debug|Any CPU
		{A3586177-B799-48CA-9A4D-14F6AEDBD38C}.Debug|Any CPU.Build.0 = Debug|Any CPU
		{A3586177-B799-48CA-9A4D-14F6AEDBD38C}.Release|Any CPU.ActiveCfg = Release|Any CPU
		{A3586177-B799-48CA-9A4D-14F6AEDBD38C}.Release|Any CPU.Build.0 = Release|Any CPU
	EndGlobalSection
	GlobalSection(SolutionProperties) = preSolution
		HideSolutionNode = FALSE
	EndGlobalSection
	GlobalSection(ExtensibilityGlobals) = postSolution
		SolutionGuid = {0A7900A0-26E2-4BC5-AC86-9C305F0EC489}
	EndGlobalSection
EndGlobal
